// !$*UTF8*$!
{
	archiveVersion = 1;
	classes = {
	};
	objectVersion = 50;
	objects = {

/* Begin PBXBuildFile section */
		DBFA72232355B37C008F10CD /* AppDelegate.swift in Sources */ = {isa = PBXBuildFile; fileRef = DBFA72222355B37C008F10CD /* AppDelegate.swift */; };
		DBFA72252355B37C008F10CD /* SceneDelegate.swift in Sources */ = {isa = PBXBuildFile; fileRef = DBFA72242355B37C008F10CD /* SceneDelegate.swift */; };
		DBFA72282355B37C008F10CD /* PersonView.xcdatamodeld in Sources */ = {isa = PBXBuildFile; fileRef = DBFA72262355B37C008F10CD /* PersonView.xcdatamodeld */; };
		DBFA722A2355B37C008F10CD /* Person_View.swift in Sources */ = {isa = PBXBuildFile; fileRef = DBFA72292355B37C008F10CD /* Person_View.swift */; };
		DBFA722C2355B37D008F10CD /* Assets.xcassets in Resources */ = {isa = PBXBuildFile; fileRef = DBFA722B2355B37D008F10CD /* Assets.xcassets */; };
		DBFA722F2355B37D008F10CD /* Preview Assets.xcassets in Resources */ = {isa = PBXBuildFile; fileRef = DBFA722E2355B37D008F10CD /* Preview Assets.xcassets */; };
		DBFA72322355B37D008F10CD /* LaunchScreen.storyboard in Resources */ = {isa = PBXBuildFile; fileRef = DBFA72302355B37D008F10CD /* LaunchScreen.storyboard */; };
		DBFA723A2355B4B6008F10CD /* WelcomeView.swift in Sources */ = {isa = PBXBuildFile; fileRef = DBFA72392355B4B6008F10CD /* WelcomeView.swift */; };
/* End PBXBuildFile section */

/* Begin PBXFileReference section */
		DBFA721F2355B37C008F10CD /* PersonView.app */ = {isa = PBXFileReference; explicitFileType = wrapper.application; includeInIndex = 0; path = PersonView.app; sourceTree = BUILT_PRODUCTS_DIR; };
		DBFA72222355B37C008F10CD /* AppDelegate.swift */ = {isa = PBXFileReference; lastKnownFileType = sourcecode.swift; path = AppDelegate.swift; sourceTree = "<group>"; };
		DBFA72242355B37C008F10CD /* SceneDelegate.swift */ = {isa = PBXFileReference; lastKnownFileType = sourcecode.swift; path = SceneDelegate.swift; sourceTree = "<group>"; };
		DBFA72272355B37C008F10CD /* PersonView.xcdatamodel */ = {isa = PBXFileReference; lastKnownFileType = wrapper.xcdatamodel; path = PersonView.xcdatamodel; sourceTree = "<group>"; };
		DBFA72292355B37C008F10CD /* Person_View.swift */ = {isa = PBXFileReference; lastKnownFileType = sourcecode.swift; path = Person_View.swift; sourceTree = "<group>"; };
		DBFA722B2355B37D008F10CD /* Assets.xcassets */ = {isa = PBXFileReference; lastKnownFileType = folder.assetcatalog; path = Assets.xcassets; sourceTree = "<group>"; };
		DBFA722E2355B37D008F10CD /* Preview Assets.xcassets */ = {isa = PBXFileReference; lastKnownFileType = folder.assetcatalog; path = "Preview Assets.xcassets"; sourceTree = "<group>"; };
		DBFA72312355B37D008F10CD /* Base */ = {isa = PBXFileReference; lastKnownFileType = file.storyboard; name = Base; path = Base.lproj/LaunchScreen.storyboard; sourceTree = "<group>"; };
		DBFA72332355B37D008F10CD /* Info.plist */ = {isa = PBXFileReference; lastKnownFileType = text.plist.xml; path = Info.plist; sourceTree = "<group>"; };
		DBFA72392355B4B6008F10CD /* WelcomeView.swift */ = {isa = PBXFileReference; lastKnownFileType = sourcecode.swift; path = WelcomeView.swift; sourceTree = "<group>"; };
/* End PBXFileReference section */

/* Begin PBXFrameworksBuildPhase section */
		DBFA721C2355B37C008F10CD /* Frameworks */ = {
			isa = PBXFrameworksBuildPhase;
			buildActionMask = 2147483647;
			files = (
			);
			runOnlyForDeploymentPostprocessing = 0;
		};
/* End PBXFrameworksBuildPhase section */

/* Begin PBXGroup section */
		DBFA72162355B37C008F10CD = {
			isa = PBXGroup;
			children = (
				DBFA72212355B37C008F10CD /* PersonView */,
				DBFA72202355B37C008F10CD /* Products */,
			);
			sourceTree = "<group>";
		};
		DBFA72202355B37C008F10CD /* Products */ = {
			isa = PBXGroup;
			children = (
				DBFA721F2355B37C008F10CD /* PersonView.app */,
			);
			name = Products;
			sourceTree = "<group>";
		};
		DBFA72212355B37C008F10CD /* PersonView */ = {
			isa = PBXGroup;
			children = (
				DBFA72222355B37C008F10CD /* AppDelegate.swift */,
				DBFA72242355B37C008F10CD /* SceneDelegate.swift */,
				DBFA72292355B37C008F10CD /* Person_View.swift */,
				DBFA72392355B4B6008F10CD /* WelcomeView.swift */,
				DBFA722B2355B37D008F10CD /* Assets.xcassets */,
				DBFA72302355B37D008F10CD /* LaunchScreen.storyboard */,
				DBFA72332355B37D008F10CD /* Info.plist */,
				DBFA72262355B37C008F10CD /* PersonView.xcdatamodeld */,
				DBFA722D2355B37D008F10CD /* Preview Content */,
			);
			path = PersonView;
			sourceTree = "<group>";
		};
		DBFA722D2355B37D008F10CD /* Preview Content */ = {
			isa = PBXGroup;
			children = (
				DBFA722E2355B37D008F10CD /* Preview Assets.xcassets */,
			);
			path = "Preview Content";
			sourceTree = "<group>";
		};
/* End PBXGroup section */

/* Begin PBXNativeTarget section */
		DBFA721E2355B37C008F10CD /* PersonView */ = {
			isa = PBXNativeTarget;
			buildConfigurationList = DBFA72362355B37D008F10CD /* Build configuration list for PBXNativeTarget "PersonView" */;
			buildPhases = (
				DBFA721B2355B37C008F10CD /* Sources */,
				DBFA721C2355B37C008F10CD /* Frameworks */,
				DBFA721D2355B37C008F10CD /* Resources */,
			);
			buildRules = (
			);
			dependencies = (
			);
			name = PersonView;
			productName = PersonView;
			productReference = DBFA721F2355B37C008F10CD /* PersonView.app */;
			productType = "com.apple.product-type.application";
		};
/* End PBXNativeTarget section */

/* Begin PBXProject section */
		DBFA72172355B37C008F10CD /* Project object */ = {
			isa = PBXProject;
			attributes = {
				LastSwiftUpdateCheck = 1120;
				LastUpgradeCheck = 1120;
				ORGANIZATIONNAME = "Jan Hovland";
				TargetAttributes = {
					DBFA721E2355B37C008F10CD = {
						CreatedOnToolsVersion = 11.2;
					};
				};
			};
			buildConfigurationList = DBFA721A2355B37C008F10CD /* Build configuration list for PBXProject "PersonView" */;
			compatibilityVersion = "Xcode 9.3";
			developmentRegion = en;
			hasScannedForEncodings = 0;
			knownRegions = (
				en,
				Base,
			);
			mainGroup = DBFA72162355B37C008F10CD;
			productRefGroup = DBFA72202355B37C008F10CD /* Products */;
			projectDirPath = "";
			projectRoot = "";
			targets = (
				DBFA721E2355B37C008F10CD /* PersonView */,
			);
		};
/* End PBXProject section */

/* Begin PBXResourcesBuildPhase section */
		DBFA721D2355B37C008F10CD /* Resources */ = {
			isa = PBXResourcesBuildPhase;
			buildActionMask = 2147483647;
			files = (
				DBFA72322355B37D008F10CD /* LaunchScreen.storyboard in Resources */,
				DBFA722F2355B37D008F10CD /* Preview Assets.xcassets in Resources */,
				DBFA722C2355B37D008F10CD /* Assets.xcassets in Resources */,
			);
			runOnlyForDeploymentPostprocessing = 0;
		};
/* End PBXResourcesBuildPhase section */

/* Begin PBXSourcesBuildPhase section */
		DBFA721B2355B37C008F10CD /* Sources */ = {
			isa = PBXSourcesBuildPhase;
			buildActionMask = 2147483647;
			files = (
				DBFA723A2355B4B6008F10CD /* WelcomeView.swift in Sources */,
				DBFA72282355B37C008F10CD /* PersonView.xcdatamodeld in Sources */,
				DBFA72232355B37C008F10CD /* AppDelegate.swift in Sources */,
				DBFA722A2355B37C008F10CD /* Person_View.swift in Sources */,
				DBFA72252355B37C008F10CD /* SceneDelegate.swift in Sources */,
			);
			runOnlyForDeploymentPostprocessing = 0;
		};
/* End PBXSourcesBuildPhase section */

/* Begin PBXVariantGroup section */
		DBFA72302355B37D008F10CD /* LaunchScreen.storyboard */ = {
			isa = PBXVariantGroup;
			children = (
				DBFA72312355B37D008F10CD /* Base */,
			);
			name = LaunchScreen.storyboard;
			sourceTree = "<group>";
		};
/* End PBXVariantGroup section */

/* Begin XCBuildConfiguration section */
		DBFA72342355B37D008F10CD /* Debug */ = {
			isa = XCBuildConfiguration;
			buildSettings = {
				ALWAYS_SEARCH_USER_PATHS = NO;
				CLANG_ANALYZER_NONNULL = YES;
				CLANG_ANALYZER_NUMBER_OBJECT_CONVERSION = YES_AGGRESSIVE;
				CLANG_CXX_LANGUAGE_STANDARD = "gnu++14";
				CLANG_CXX_LIBRARY = "libc++";
				CLANG_ENABLE_MODULES = YES;
				CLANG_ENABLE_OBJC_ARC = YES;
				CLANG_ENABLE_OBJC_WEAK = YES;
				CLANG_WARN_BLOCK_CAPTURE_AUTORELEASING = YES;
				CLANG_WARN_BOOL_CONVERSION = YES;
				CLANG_WARN_COMMA = YES;
				CLANG_WARN_CONSTANT_CONVERSION = YES;
				CLANG_WARN_DEPRECATED_OBJC_IMPLEMENTATIONS = YES;
				CLANG_WARN_DIRECT_OBJC_ISA_USAGE = YES_ERROR;
				CLANG_WARN_DOCUMENTATION_COMMENTS = YES;
				CLANG_WARN_EMPTY_BODY = YES;
				CLANG_WARN_ENUM_CONVERSION = YES;
				CLANG_WARN_INFINITE_RECURSION = YES;
				CLANG_WARN_INT_CONVERSION = YES;
				CLANG_WARN_NON_LITERAL_NULL_CONVERSION = YES;
				CLANG_WARN_OBJC_IMPLICIT_RETAIN_SELF = YES;
				CLANG_WARN_OBJC_LITERAL_CONVERSION = YES;
				CLANG_WARN_OBJC_ROOT_CLASS = YES_ERROR;
				CLANG_WARN_RANGE_LOOP_ANALYSIS = YES;
				CLANG_WARN_STRICT_PROTOTYPES = YES;
				CLANG_WARN_SUSPICIOUS_MOVE = YES;
				CLANG_WARN_UNGUARDED_AVAILABILITY = YES_AGGRESSIVE;
				CLANG_WARN_UNREACHABLE_CODE = YES;
				CLANG_WARN__DUPLICATE_METHOD_MATCH = YES;
				COPY_PHASE_STRIP = NO;
				DEBUG_INFORMATION_FORMAT = dwarf;
				ENABLE_STRICT_OBJC_MSGSEND = YES;
				ENABLE_TESTABILITY = YES;
				GCC_C_LANGUAGE_STANDARD = gnu11;
				GCC_DYNAMIC_NO_PIC = NO;
				GCC_NO_COMMON_BLOCKS = YES;
				GCC_OPTIMIZATION_LEVEL = 0;
				GCC_PREPROCESSOR_DEFINITIONS = (
					"DEBUG=1",
					"$(inherited)",
				);
				GCC_WARN_64_TO_32_BIT_CONVERSION = YES;
				GCC_WARN_ABOUT_RETURN_TYPE = YES_ERROR;
				GCC_WARN_UNDECLARED_SELECTOR = YES;
				GCC_WARN_UNINITIALIZED_AUTOS = YES_AGGRESSIVE;
				GCC_WARN_UNUSED_FUNCTION = YES;
				GCC_WARN_UNUSED_VARIABLE = YES;
				IPHONEOS_DEPLOYMENT_TARGET = 13.2;
				MTL_ENABLE_DEBUG_INFO = INCLUDE_SOURCE;
				MTL_FAST_MATH = YES;
				ONLY_ACTIVE_ARCH = YES;
				SDKROOT = iphoneos;
				SWIFT_ACTIVE_COMPILATION_CONDITIONS = DEBUG;
				SWIFT_OPTIMIZATION_LEVEL = "-Onone";
			};
			name = Debug;
		};
		DBFA72352355B37D008F10CD /* Release */ = {
			isa = XCBuildConfiguration;
			buildSettings = {
				ALWAYS_SEARCH_USER_PATHS = NO;
				CLANG_ANALYZER_NONNULL = YES;
				CLANG_ANALYZER_NUMBER_OBJECT_CONVERSION = YES_AGGRESSIVE;
				CLANG_CXX_LANGUAGE_STANDARD = "gnu++14";
				CLANG_CXX_LIBRARY = "libc++";
				CLANG_ENABLE_MODULES = YES;
				CLANG_ENABLE_OBJC_ARC = YES;
				CLANG_ENABLE_OBJC_WEAK = YES;
				CLANG_WARN_BLOCK_CAPTURE_AUTORELEASING = YES;
				CLANG_WARN_BOOL_CONVERSION = YES;
				CLANG_WARN_COMMA = YES;
				CLANG_WARN_CONSTANT_CONVERSION = YES;
				CLANG_WARN_DEPRECATED_OBJC_IMPLEMENTATIONS = YES;
				CLANG_WARN_DIRECT_OBJC_ISA_USAGE = YES_ERROR;
				CLANG_WARN_DOCUMENTATION_COMMENTS = YES;
				CLANG_WARN_EMPTY_BODY = YES;
				CLANG_WARN_ENUM_CONVERSION = YES;
				CLANG_WARN_INFINITE_RECURSION = YES;
				CLANG_WARN_INT_CONVERSION = YES;
				CLANG_WARN_NON_LITERAL_NULL_CONVERSION = YES;
				CLANG_WARN_OBJC_IMPLICIT_RETAIN_SELF = YES;
				CLANG_WARN_OBJC_LITERAL_CONVERSION = YES;
				CLANG_WARN_OBJC_ROOT_CLASS = YES_ERROR;
				CLANG_WARN_RANGE_LOOP_ANALYSIS = YES;
				CLANG_WARN_STRICT_PROTOTYPES = YES;
				CLANG_WARN_SUSPICIOUS_MOVE = YES;
				CLANG_WARN_UNGUARDED_AVAILABILITY = YES_AGGRESSIVE;
				CLANG_WARN_UNREACHABLE_CODE = YES;
				CLANG_WARN__DUPLICATE_METHOD_MATCH = YES;
				COPY_PHASE_STRIP = NO;
				DEBUG_INFORMATION_FORMAT = "dwarf-with-dsym";
				ENABLE_NS_ASSERTIONS = NO;
				ENABLE_STRICT_OBJC_MSGSEND = YES;
				GCC_C_LANGUAGE_STANDARD = gnu11;
				GCC_NO_COMMON_BLOCKS = YES;
				GCC_WARN_64_TO_32_BIT_CONVERSION = YES;
				GCC_WARN_ABOUT_RETURN_TYPE = YES_ERROR;
				GCC_WARN_UNDECLARED_SELECTOR = YES;
				GCC_WARN_UNINITIALIZED_AUTOS = YES_AGGRESSIVE;
				GCC_WARN_UNUSED_FUNCTION = YES;
				GCC_WARN_UNUSED_VARIABLE = YES;
				IPHONEOS_DEPLOYMENT_TARGET = 13.2;
				MTL_ENABLE_DEBUG_INFO = NO;
				MTL_FAST_MATH = YES;
				SDKROOT = iphoneos;
				SWIFT_COMPILATION_MODE = wholemodule;
				SWIFT_OPTIMIZATION_LEVEL = "-O";
				VALIDATE_PRODUCT = YES;
			};
			name = Release;
		};
		DBFA72372355B37D008F10CD /* Debug */ = {
			isa = XCBuildConfiguration;
			buildSettings = {
				ASSETCATALOG_COMPILER_APPICON_NAME = AppIcon;
				CODE_SIGN_STYLE = Automatic;
				DEVELOPMENT_ASSET_PATHS = "\"PersonView/Preview Content\"";
				DEVELOPMENT_TEAM = 6UR9TA6744;
				ENABLE_PREVIEWS = YES;
				INFOPLIST_FILE = PersonView/Info.plist;
				LD_RUNPATH_SEARCH_PATHS = (
					"$(inherited)",
					"@executable_path/Frameworks",
				);
				PRODUCT_BUNDLE_IDENTIFIER = com.janhovland.PersonView;
				PRODUCT_NAME = "$(TARGET_NAME)";
				SWIFT_VERSION = 5.0;
				TARGETED_DEVICE_FAMILY = "1,2";
			};
			name = Debug;
		};
		DBFA72382355B37D008F10CD /* Release */ = {
			isa = XCBuildConfiguration;
			buildSettings = {
				ASSETCATALOG_COMPILER_APPICON_NAME = AppIcon;
				CODE_SIGN_STYLE = Automatic;
				DEVELOPMENT_ASSET_PATHS = "\"PersonView/Preview Content\"";
				DEVELOPMENT_TEAM = 6UR9TA6744;
				ENABLE_PREVIEWS = YES;
				INFOPLIST_FILE = PersonView/Info.plist;
				LD_RUNPATH_SEARCH_PATHS = (
					"$(inherited)",
					"@executable_path/Frameworks",
				);
				PRODUCT_BUNDLE_IDENTIFIER = com.janhovland.PersonView;
				PRODUCT_NAME = "$(TARGET_NAME)";
				SWIFT_VERSION = 5.0;
				TARGETED_DEVICE_FAMILY = "1,2";
			};
			name = Release;
		};
/* End XCBuildConfiguration section */

/* Begin XCConfigurationList section */
		DBFA721A2355B37C008F10CD /* Build configuration list for PBXProject "PersonView" */ = {
			isa = XCConfigurationList;
			buildConfigurations = (
				DBFA72342355B37D008F10CD /* Debug */,
				DBFA72352355B37D008F10CD /* Release */,
			);
			defaultConfigurationIsVisible = 0;
			defaultConfigurationName = Release;
		};
		DBFA72362355B37D008F10CD /* Build configuration list for PBXNativeTarget "PersonView" */ = {
			isa = XCConfigurationList;
			buildConfigurations = (
				DBFA72372355B37D008F10CD /* Debug */,
				DBFA72382355B37D008F10CD /* Release */,
			);
			defaultConfigurationIsVisible = 0;
			defaultConfigurationName = Release;
		};
/* End XCConfigurationList section */

/* Begin XCVersionGroup section */
		DBFA72262355B37C008F10CD /* PersonView.xcdatamodeld */ = {
			isa = XCVersionGroup;
			children = (
				DBFA72272355B37C008F10CD /* PersonView.xcdatamodel */,
			);
			currentVersion = DBFA72272355B37C008F10CD /* PersonView.xcdatamodel */;
			path = PersonView.xcdatamodeld;
			sourceTree = "<group>";
			versionGroupType = wrapper.xcdatamodel;
		};
/* End XCVersionGroup section */
	};
	rootObject = DBFA72172355B37C008F10CD /* Project object */;
}
